
Microsoft Visual Studio Solution File, Format Version 11.00
# Visual Studio 2010
# SharpDevelop 5.1
Project("{FAE04EC0-301F-11D3-BF4B-00C04F79EFBC}") = "AESEncryptor", "AESEncryptor\AESEncryptor.csproj", "{2AC4953B-2A8B-4D44-996E-0CF1DE36DD96}"
EndProject
Global
	GlobalSection(SolutionConfigurationPlatforms) = preSolution
		Debug|Any CPU = Debug|Any CPU
		Release|Any CPU = Release|Any CPU
	EndGlobalSection
	GlobalSection(ProjectConfigurationPlatforms) = postSolution
		{2AC4953B-2A8B-4D44-996E-0CF1DE36DD96}.Debug|Any CPU.ActiveCfg = Debug|Any CPU
		{2AC4953B-2A8B-4D44-996E-0CF1DE36DD96}.Debug|Any CPU.Build.0 = Debug|Any CPU
		{2AC4953B-2A8B-4D44-996E-0CF1DE36DD96}.Release|Any CPU.ActiveCfg = Release|Any CPU
		{2AC4953B-2A8B-4D44-996E-0CF1DE36DD96}.Release|Any CPU.Build.0 = Release|Any CPU
	EndGlobalSection
EndGlobal
